
Microsoft Visual Studio Solution File, Format Version 12.00
# Visual Studio 15
VisualStudioVersion = 15.0.28307.757
MinimumVisualStudioVersion = 10.0.40219.1
Project("{8BC9CEB8-8B4A-11D0-8D11-00A0C91BC942}") = "ch2_lab1_1", "ch2_lab1_1\ch2_lab1_1.vcxproj", "{F8F05FE1-4B83-4AFF-AB17-A0EB77C957CA}"
EndProject
Global
	GlobalSection(SolutionConfigurationPlatforms) = preSolution
		Debug|x64 = Debug|x64
		Debug|x86 = Debug|x86
		Release|x64 = Release|x64
		Release|x86 = Release|x86
	EndGlobalSection
	GlobalSection(ProjectConfigurationPlatforms) = postSolution
		{F8F05FE1-4B83-4AFF-AB17-A0EB77C957CA}.Debug|x64.ActiveCfg = Debug|x64
		{F8F05FE1-4B83-4AFF-AB17-A0EB77C957CA}.Debug|x64.Build.0 = Debug|x64
		{F8F05FE1-4B83-4AFF-AB17-A0EB77C957CA}.Debug|x86.ActiveCfg = Debug|Win32
		{F8F05FE1-4B83-4AFF-AB17-A0EB77C957CA}.Debug|x86.Build.0 = Debug|Win32
		{F8F05FE1-4B83-4AFF-AB17-A0EB77C957CA}.Release|x64.ActiveCfg = Release|x64
		{F8F05FE1-4B83-4AFF-AB17-A0EB77C957CA}.Release|x64.Build.0 = Release|x64
		{F8F05FE1-4B83-4AFF-AB17-A0EB77C957CA}.Release|x86.ActiveCfg = Release|Win32
		{F8F05FE1-4B83-4AFF-AB17-A0EB77C957CA}.Release|x86.Build.0 = Release|Win32
	EndGlobalSection
	GlobalSection(SolutionProperties) = preSolution
		HideSolutionNode = FALSE
	EndGlobalSection
	GlobalSection(ExtensibilityGlobals) = postSolution
		SolutionGuid = {C056B8F4-51E9-48B6-A921-0EC35635D9FC}
	EndGlobalSection
EndGlobal
